
Microsoft Visual Studio Solution File, Format Version 12.00
# Visual Studio 15
VisualStudioVersion = 15.0.26730.12
MinimumVisualStudioVersion = 10.0.40219.1
Project("{2150E333-8FDC-42A3-9474-1A3956D46DE8}") = "ThirdPart", "ThirdPart", "{858ADDB2-3478-4AA2-844E-3A240300AF3F}"
EndProject
Project("{9A19103F-16F7-4668-BE54-9A1E7A4F7556}") = "Server.App", "Server.App\Server.App.csproj", "{E61DF780-CD7F-4521-BF35-2C6DB8EC5E2C}"
EndProject
Project("{9A19103F-16F7-4668-BE54-9A1E7A4F7556}") = "Server.Base", "Server.Base\Server.Base.csproj", "{88BBA591-5DE3-4A4E-A49F-B23FE988B6EE}"
EndProject
Project("{9A19103F-16F7-4668-BE54-9A1E7A4F7556}") = "Server.Hotfix", "Server.Hotfix\Server.Hotfix.csproj", "{2D0E53B3-5132-4154-802A-E18660C388E1}"
EndProject
Project("{9A19103F-16F7-4668-BE54-9A1E7A4F7556}") = "Server.Model", "Server.Model\Server.Model.csproj", "{F83C3C16-9D03-43D2-B3F2-A77FCA50A8CE}"
EndProject
Project("{8BC9CEB8-8B4A-11D0-8D11-00A0C91BC942}") = "ENet", "ThirdParty\ENet\ENet.vcxproj", "{C9992B7C-313E-4C9F-A954-640D01EDFB58}"
EndProject
Project("{2150E333-8FDC-42A3-9474-1A3956D46DE8}") = "MongoDB.Driver", "MongoDB.Driver", "{7F97E08A-09EA-4721-9A3C-F42338CA246E}"
EndProject
Project("{9A19103F-16F7-4668-BE54-9A1E7A4F7556}") = "MongoDB.Bson", "ThirdParty\MongoDB_Driver_Core\DotNetCoreDriver\MongoDB.Bson\MongoDB.Bson.csproj", "{5843865B-FEAE-4B13-805F-7AB59C522C04}"
EndProject
Project("{9A19103F-16F7-4668-BE54-9A1E7A4F7556}") = "MongoDB.Driver.Core", "ThirdParty\MongoDB_Driver_Core\DotNetCoreDriver\MongoDB.Driver.Core\MongoDB.Driver.Core.csproj", "{037EEEC7-33BC-43E3-8E53-31C15543B40D}"
EndProject
Project("{9A19103F-16F7-4668-BE54-9A1E7A4F7556}") = "MongoDB.Driver", "ThirdParty\MongoDB_Driver_Core\DotNetCoreDriver\MongoDB.Driver\MongoDB.Driver.csproj", "{42BC16C2-33D8-42A2-A8B0-13DDDDC98A09}"
EndProject
Global
	GlobalSection(SolutionConfigurationPlatforms) = preSolution
		Debug|Any CPU = Debug|Any CPU
		Debug|x64 = Debug|x64
		Debug|x86 = Debug|x86
		Release|Any CPU = Release|Any CPU
		Release|x64 = Release|x64
		Release|x86 = Release|x86
	EndGlobalSection
	GlobalSection(ProjectConfigurationPlatforms) = postSolution
		{E61DF780-CD7F-4521-BF35-2C6DB8EC5E2C}.Debug|Any CPU.ActiveCfg = Debug|Any CPU
		{E61DF780-CD7F-4521-BF35-2C6DB8EC5E2C}.Debug|Any CPU.Build.0 = Debug|Any CPU
		{E61DF780-CD7F-4521-BF35-2C6DB8EC5E2C}.Debug|x64.ActiveCfg = Debug|Any CPU
		{E61DF780-CD7F-4521-BF35-2C6DB8EC5E2C}.Debug|x64.Build.0 = Debug|Any CPU
		{E61DF780-CD7F-4521-BF35-2C6DB8EC5E2C}.Debug|x86.ActiveCfg = Debug|Any CPU
		{E61DF780-CD7F-4521-BF35-2C6DB8EC5E2C}.Debug|x86.Build.0 = Debug|Any CPU
		{E61DF780-CD7F-4521-BF35-2C6DB8EC5E2C}.Release|Any CPU.ActiveCfg = Release|Any CPU
		{E61DF780-CD7F-4521-BF35-2C6DB8EC5E2C}.Release|Any CPU.Build.0 = Release|Any CPU
		{E61DF780-CD7F-4521-BF35-2C6DB8EC5E2C}.Release|x64.ActiveCfg = Release|Any CPU
		{E61DF780-CD7F-4521-BF35-2C6DB8EC5E2C}.Release|x64.Build.0 = Release|Any CPU
		{E61DF780-CD7F-4521-BF35-2C6DB8EC5E2C}.Release|x86.ActiveCfg = Release|Any CPU
		{E61DF780-CD7F-4521-BF35-2C6DB8EC5E2C}.Release|x86.Build.0 = Release|Any CPU
		{88BBA591-5DE3-4A4E-A49F-B23FE988B6EE}.Debug|Any CPU.ActiveCfg = Debug|Any CPU
		{88BBA591-5DE3-4A4E-A49F-B23FE988B6EE}.Debug|Any CPU.Build.0 = Debug|Any CPU
		{88BBA591-5DE3-4A4E-A49F-B23FE988B6EE}.Debug|x64.ActiveCfg = Debug|Any CPU
		{88BBA591-5DE3-4A4E-A49F-B23FE988B6EE}.Debug|x64.Build.0 = Debug|Any CPU
		{88BBA591-5DE3-4A4E-A49F-B23FE988B6EE}.Debug|x86.ActiveCfg = Debug|Any CPU
		{88BBA591-5DE3-4A4E-A49F-B23FE988B6EE}.Debug|x86.Build.0 = Debug|Any CPU
		{88BBA591-5DE3-4A4E-A49F-B23FE988B6EE}.Release|Any CPU.ActiveCfg = Release|Any CPU
		{88BBA591-5DE3-4A4E-A49F-B23FE988B6EE}.Release|Any CPU.Build.0 = Release|Any CPU
		{88BBA591-5DE3-4A4E-A49F-B23FE988B6EE}.Release|x64.ActiveCfg = Release|Any CPU
		{88BBA591-5DE3-4A4E-A49F-B23FE988B6EE}.Release|x64.Build.0 = Release|Any CPU
		{88BBA591-5DE3-4A4E-A49F-B23FE988B6EE}.Release|x86.ActiveCfg = Release|Any CPU
		{88BBA591-5DE3-4A4E-A49F-B23FE988B6EE}.Release|x86.Build.0 = Release|Any CPU
		{2D0E53B3-5132-4154-802A-E18660C388E1}.Debug|Any CPU.ActiveCfg = Debug|Any CPU
		{2D0E53B3-5132-4154-802A-E18660C388E1}.Debug|Any CPU.Build.0 = Debug|Any CPU
		{2D0E53B3-5132-4154-802A-E18660C388E1}.Debug|x64.ActiveCfg = Debug|Any CPU
		{2D0E53B3-5132-4154-802A-E18660C388E1}.Debug|x64.Build.0 = Debug|Any CPU
		{2D0E53B3-5132-4154-802A-E18660C388E1}.Debug|x86.ActiveCfg = Debug|Any CPU
		{2D0E53B3-5132-4154-802A-E18660C388E1}.Debug|x86.Build.0 = Debug|Any CPU
		{2D0E53B3-5132-4154-802A-E18660C388E1}.Release|Any CPU.ActiveCfg = Release|Any CPU
		{2D0E53B3-5132-4154-802A-E18660C388E1}.Release|Any CPU.Build.0 = Release|Any CPU
		{2D0E53B3-5132-4154-802A-E18660C388E1}.Release|x64.ActiveCfg = Release|Any CPU
		{2D0E53B3-5132-4154-802A-E18660C388E1}.Release|x64.Build.0 = Release|Any CPU
		{2D0E53B3-5132-4154-802A-E18660C388E1}.Release|x86.ActiveCfg = Release|Any CPU
		{2D0E53B3-5132-4154-802A-E18660C388E1}.Release|x86.Build.0 = Release|Any CPU
		{F83C3C16-9D03-43D2-B3F2-A77FCA50A8CE}.Debug|Any CPU.ActiveCfg = Debug|Any CPU
		{F83C3C16-9D03-43D2-B3F2-A77FCA50A8CE}.Debug|Any CPU.Build.0 = Debug|Any CPU
		{F83C3C16-9D03-43D2-B3F2-A77FCA50A8CE}.Debug|x64.ActiveCfg = Debug|Any CPU
		{F83C3C16-9D03-43D2-B3F2-A77FCA50A8CE}.Debug|x64.Build.0 = Debug|Any CPU
		{F83C3C16-9D03-43D2-B3F2-A77FCA50A8CE}.Debug|x86.ActiveCfg = Debug|Any CPU
		{F83C3C16-9D03-43D2-B3F2-A77FCA50A8CE}.Debug|x86.Build.0 = Debug|Any CPU
		{F83C3C16-9D03-43D2-B3F2-A77FCA50A8CE}.Release|Any CPU.ActiveCfg = Release|Any CPU
		{F83C3C16-9D03-43D2-B3F2-A77FCA50A8CE}.Release|Any CPU.Build.0 = Release|Any CPU
		{F83C3C16-9D03-43D2-B3F2-A77FCA50A8CE}.Release|x64.ActiveCfg = Release|Any CPU
		{F83C3C16-9D03-43D2-B3F2-A77FCA50A8CE}.Release|x64.Build.0 = Release|Any CPU
		{F83C3C16-9D03-43D2-B3F2-A77FCA50A8CE}.Release|x86.ActiveCfg = Release|Any CPU
		{F83C3C16-9D03-43D2-B3F2-A77FCA50A8CE}.Release|x86.Build.0 = Release|Any CPU
		{C9992B7C-313E-4C9F-A954-640D01EDFB58}.Debug|Any CPU.ActiveCfg = Debug|Win32
		{C9992B7C-313E-4C9F-A954-640D01EDFB58}.Debug|x64.ActiveCfg = Debug|x64
		{C9992B7C-313E-4C9F-A954-640D01EDFB58}.Debug|x64.Build.0 = Debug|x64
		{C9992B7C-313E-4C9F-A954-640D01EDFB58}.Debug|x86.ActiveCfg = Debug|Win32
		{C9992B7C-313E-4C9F-A954-640D01EDFB58}.Debug|x86.Build.0 = Debug|Win32
		{C9992B7C-313E-4C9F-A954-640D01EDFB58}.Release|Any CPU.ActiveCfg = Release|Win32
		{C9992B7C-313E-4C9F-A954-640D01EDFB58}.Release|x64.ActiveCfg = Release|x64
		{C9992B7C-313E-4C9F-A954-640D01EDFB58}.Release|x64.Build.0 = Release|x64
		{C9992B7C-313E-4C9F-A954-640D01EDFB58}.Release|x86.ActiveCfg = Release|Win32
		{C9992B7C-313E-4C9F-A954-640D01EDFB58}.Release|x86.Build.0 = Release|Win32
		{5843865B-FEAE-4B13-805F-7AB59C522C04}.Debug|Any CPU.ActiveCfg = Debug|Any CPU
		{5843865B-FEAE-4B13-805F-7AB59C522C04}.Debug|Any CPU.Build.0 = Debug|Any CPU
		{5843865B-FEAE-4B13-805F-7AB59C522C04}.Debug|x64.ActiveCfg = Debug|Any CPU
		{5843865B-FEAE-4B13-805F-7AB59C522C04}.Debug|x64.Build.0 = Debug|Any CPU
		{5843865B-FEAE-4B13-805F-7AB59C522C04}.Debug|x86.ActiveCfg = Debug|Any CPU
		{5843865B-FEAE-4B13-805F-7AB59C522C04}.Debug|x86.Build.0 = Debug|Any CPU
		{5843865B-FEAE-4B13-805F-7AB59C522C04}.Release|Any CPU.ActiveCfg = Release|Any CPU
		{5843865B-FEAE-4B13-805F-7AB59C522C04}.Release|Any CPU.Build.0 = Release|Any CPU
		{5843865B-FEAE-4B13-805F-7AB59C522C04}.Release|x64.ActiveCfg = Release|Any CPU
		{5843865B-FEAE-4B13-805F-7AB59C522C04}.Release|x64.Build.0 = Release|Any CPU
		{5843865B-FEAE-4B13-805F-7AB59C522C04}.Release|x86.ActiveCfg = Release|Any CPU
		{5843865B-FEAE-4B13-805F-7AB59C522C04}.Release|x86.Build.0 = Release|Any CPU
		{037EEEC7-33BC-43E3-8E53-31C15543B40D}.Debug|Any CPU.ActiveCfg = Debug|Any CPU
		{037EEEC7-33BC-43E3-8E53-31C15543B40D}.Debug|Any CPU.Build.0 = Debug|Any CPU
		{037EEEC7-33BC-43E3-8E53-31C15543B40D}.Debug|x64.ActiveCfg = Debug|Any CPU
		{037EEEC7-33BC-43E3-8E53-31C15543B40D}.Debug|x64.Build.0 = Debug|Any CPU
		{037EEEC7-33BC-43E3-8E53-31C15543B40D}.Debug|x86.ActiveCfg = Debug|Any CPU
		{037EEEC7-33BC-43E3-8E53-31C15543B40D}.Debug|x86.Build.0 = Debug|Any CPU
		{037EEEC7-33BC-43E3-8E53-31C15543B40D}.Release|Any CPU.ActiveCfg = Release|Any CPU
		{037EEEC7-33BC-43E3-8E53-31C15543B40D}.Release|Any CPU.Build.0 = Release|Any CPU
		{037EEEC7-33BC-43E3-8E53-31C15543B40D}.Release|x64.ActiveCfg = Release|Any CPU
		{037EEEC7-33BC-43E3-8E53-31C15543B40D}.Release|x64.Build.0 = Release|Any CPU
		{037EEEC7-33BC-43E3-8E53-31C15543B40D}.Release|x86.ActiveCfg = Release|Any CPU
		{037EEEC7-33BC-43E3-8E53-31C15543B40D}.Release|x86.Build.0 = Release|Any CPU
		{42BC16C2-33D8-42A2-A8B0-13DDDDC98A09}.Debug|Any CPU.ActiveCfg = Debug|Any CPU
		{42BC16C2-33D8-42A2-A8B0-13DDDDC98A09}.Debug|Any CPU.Build.0 = Debug|Any CPU
		{42BC16C2-33D8-42A2-A8B0-13DDDDC98A09}.Debug|x64.ActiveCfg = Debug|Any CPU
		{42BC16C2-33D8-42A2-A8B0-13DDDDC98A09}.Debug|x64.Build.0 = Debug|Any CPU
		{42BC16C2-33D8-42A2-A8B0-13DDDDC98A09}.Debug|x86.ActiveCfg = Debug|Any CPU
		{42BC16C2-33D8-42A2-A8B0-13DDDDC98A09}.Debug|x86.Build.0 = Debug|Any CPU
		{42BC16C2-33D8-42A2-A8B0-13DDDDC98A09}.Release|Any CPU.ActiveCfg = Release|Any CPU
		{42BC16C2-33D8-42A2-A8B0-13DDDDC98A09}.Release|Any CPU.Build.0 = Release|Any CPU
		{42BC16C2-33D8-42A2-A8B0-13DDDDC98A09}.Release|x64.ActiveCfg = Release|Any CPU
		{42BC16C2-33D8-42A2-A8B0-13DDDDC98A09}.Release|x64.Build.0 = Release|Any CPU
		{42BC16C2-33D8-42A2-A8B0-13DDDDC98A09}.Release|x86.ActiveCfg = Release|Any CPU
		{42BC16C2-33D8-42A2-A8B0-13DDDDC98A09}.Release|x86.Build.0 = Release|Any CPU
	EndGlobalSection
	GlobalSection(SolutionProperties) = preSolution
		HideSolutionNode = FALSE
	EndGlobalSection
	GlobalSection(NestedProjects) = preSolution
		{C9992B7C-313E-4C9F-A954-640D01EDFB58} = {858ADDB2-3478-4AA2-844E-3A240300AF3F}
		{7F97E08A-09EA-4721-9A3C-F42338CA246E} = {858ADDB2-3478-4AA2-844E-3A240300AF3F}
		{5843865B-FEAE-4B13-805F-7AB59C522C04} = {7F97E08A-09EA-4721-9A3C-F42338CA246E}
		{037EEEC7-33BC-43E3-8E53-31C15543B40D} = {7F97E08A-09EA-4721-9A3C-F42338CA246E}
		{42BC16C2-33D8-42A2-A8B0-13DDDDC98A09} = {7F97E08A-09EA-4721-9A3C-F42338CA246E}
	EndGlobalSection
	GlobalSection(ExtensibilityGlobals) = postSolution
		SolutionGuid = {A41BD582-BC50-4433-9010-9AD4F46166A0}
	EndGlobalSection
EndGlobal
